PODS:
  - SimpleTwoWayBinding (0.0.1)

DEPENDENCIES:
  - SimpleTwoWayBinding (from `../`)

EXTERNAL SOURCES:
  SimpleTwoWayBinding:
    :path: "../"

SPEC CHECKSUMS:
  SimpleTwoWayBinding: c41f736c86c51f01c71fc5c6efa46c654d1bf763

PODFILE CHECKSUM: 4a3fccefb97b1064aec7a3d86ef38fa3f63e817f

COCOAPODS: 1.5.3
